
Microsoft Visual Studio Solution File, Format Version 12.00
# Visual Studio Version 17
VisualStudioVersion = 17.11.35222.181
MinimumVisualStudioVersion = 10.0.40219.1
Project("{FAE04EC0-301F-11D3-BF4B-00C04F79EFBC}") = "backend", "backend\backend.csproj", "{5D52D21A-82F4-4817-8B27-C85E09294B89}"
EndProject
Global
	GlobalSection(SolutionConfigurationPlatforms) = preSolution
		Debug|Any CPU = Debug|Any CPU
		Release|Any CPU = Release|Any CPU
	EndGlobalSection
	GlobalSection(ProjectConfigurationPlatforms) = postSolution
		{5D52D21A-82F4-4817-8B27-C85E09294B89}.Debug|Any CPU.ActiveCfg = Debug|Any CPU
		{5D52D21A-82F4-4817-8B27-C85E09294B89}.Debug|Any CPU.Build.0 = Debug|Any CPU
		{5D52D21A-82F4-4817-8B27-C85E09294B89}.Release|Any CPU.ActiveCfg = Release|Any CPU
		{5D52D21A-82F4-4817-8B27-C85E09294B89}.Release|Any CPU.Build.0 = Release|Any CPU
	EndGlobalSection
	GlobalSection(SolutionProperties) = preSolution
		HideSolutionNode = FALSE
	EndGlobalSection
	GlobalSection(ExtensibilityGlobals) = postSolution
		SolutionGuid = {67606876-94FF-46E6-82AB-7F89BB7DAB73}
	EndGlobalSection
EndGlobal
